
Microsoft Visual Studio Solution File, Format Version 12.00
# Visual Studio 15
VisualStudioVersion = 15.0.28307.329
MinimumVisualStudioVersion = 10.0.40219.1
Project("{8BC9CEB8-8B4A-11D0-8D11-00A0C91BC942}") = "This_is_C++", "This_is_C++\This_is_C++.vcxproj", "{F0C87B18-8A9A-4CC2-9901-753D2CB5A1E4}"
EndProject
Global
	GlobalSection(SolutionConfigurationPlatforms) = preSolution
		Debug|x64 = Debug|x64
		Debug|x86 = Debug|x86
		Release|x64 = Release|x64
		Release|x86 = Release|x86
	EndGlobalSection
	GlobalSection(ProjectConfigurationPlatforms) = postSolution
		{F0C87B18-8A9A-4CC2-9901-753D2CB5A1E4}.Debug|x64.ActiveCfg = Debug|x64
		{F0C87B18-8A9A-4CC2-9901-753D2CB5A1E4}.Debug|x64.Build.0 = Debug|x64
		{F0C87B18-8A9A-4CC2-9901-753D2CB5A1E4}.Debug|x86.ActiveCfg = Debug|Win32
		{F0C87B18-8A9A-4CC2-9901-753D2CB5A1E4}.Debug|x86.Build.0 = Debug|Win32
		{F0C87B18-8A9A-4CC2-9901-753D2CB5A1E4}.Release|x64.ActiveCfg = Release|x64
		{F0C87B18-8A9A-4CC2-9901-753D2CB5A1E4}.Release|x64.Build.0 = Release|x64
		{F0C87B18-8A9A-4CC2-9901-753D2CB5A1E4}.Release|x86.ActiveCfg = Release|Win32
		{F0C87B18-8A9A-4CC2-9901-753D2CB5A1E4}.Release|x86.Build.0 = Release|Win32
	EndGlobalSection
	GlobalSection(SolutionProperties) = preSolution
		HideSolutionNode = FALSE
	EndGlobalSection
	GlobalSection(ExtensibilityGlobals) = postSolution
		SolutionGuid = {651A0165-AF9C-44E5-B8A2-78AE1C552146}
	EndGlobalSection
EndGlobal
